
Microsoft Visual Studio Solution File, Format Version 12.00
# Visual Studio 14
VisualStudioVersion = 14.0.22823.1
MinimumVisualStudioVersion = 10.0.40219.1
Project("{FAE04EC0-301F-11D3-BF4B-00C04F79EFBC}") = "YTtoPlayer.Core", "YTtoPlayer.Core\YTtoPlayer.Core.csproj", "{6EB15F98-EE91-45A2-A437-669628E4CE01}"
EndProject
Project("{FAE04EC0-301F-11D3-BF4B-00C04F79EFBC}") = "YTtoPlayer.View", "YTtoPlayer.View\YTtoPlayer.View.csproj", "{B4AF966A-9007-4986-9410-D43C68BE0478}"
EndProject
Global
	GlobalSection(SolutionConfigurationPlatforms) = preSolution
		Debug|Any CPU = Debug|Any CPU
		Release|Any CPU = Release|Any CPU
	EndGlobalSection
	GlobalSection(ProjectConfigurationPlatforms) = postSolution
		{6EB15F98-EE91-45A2-A437-669628E4CE01}.Debug|Any CPU.ActiveCfg = Debug|Any CPU
		{6EB15F98-EE91-45A2-A437-669628E4CE01}.Debug|Any CPU.Build.0 = Debug|Any CPU
		{6EB15F98-EE91-45A2-A437-669628E4CE01}.Release|Any CPU.ActiveCfg = Release|Any CPU
		{6EB15F98-EE91-45A2-A437-669628E4CE01}.Release|Any CPU.Build.0 = Release|Any CPU
		{B4AF966A-9007-4986-9410-D43C68BE0478}.Debug|Any CPU.ActiveCfg = Debug|Any CPU
		{B4AF966A-9007-4986-9410-D43C68BE0478}.Debug|Any CPU.Build.0 = Debug|Any CPU
		{B4AF966A-9007-4986-9410-D43C68BE0478}.Release|Any CPU.ActiveCfg = Release|Any CPU
		{B4AF966A-9007-4986-9410-D43C68BE0478}.Release|Any CPU.Build.0 = Release|Any CPU
	EndGlobalSection
	GlobalSection(SolutionProperties) = preSolution
		HideSolutionNode = FALSE
	EndGlobalSection
EndGlobal
